
Microsoft Visual Studio Solution File, Format Version 12.00
# Visual Studio Version 17
VisualStudioVersion = 17.4.33213.308
MinimumVisualStudioVersion = 10.0.40219.1
Project("{9A19103F-16F7-4668-BE54-9A1E7A4F7556}") = "PetyaAndStrings", "Codeforces\PetyaAndStrings.csproj", "{1FCAA391-FD08-480E-A603-0EAB22C9E2CE}"
EndProject
Project("{9A19103F-16F7-4668-BE54-9A1E7A4F7556}") = "Helpful Maths", "Helpful Maths\Helpful Maths.csproj", "{B47B770F-E28A-4C27-90C6-B50F7CC4C216}"
EndProject
Project("{9A19103F-16F7-4668-BE54-9A1E7A4F7556}") = "Watermelon", "Watermelon\Watermelon.csproj", "{283DF9D2-C137-4EB0-B659-FBF1974144F5}"
EndProject
Project("{9A19103F-16F7-4668-BE54-9A1E7A4F7556}") = "Way Too Long Words", "Way Too Long Words\Way Too Long Words.csproj", "{25BCCE3D-C79D-489F-A9A4-13C584DAEC5B}"
EndProject
Project("{9A19103F-16F7-4668-BE54-9A1E7A4F7556}") = "Team", "Team\Team.csproj", "{7ACECB3A-9CE2-401E-B3AD-F201B76A3CE0}"
EndProject
Project("{9A19103F-16F7-4668-BE54-9A1E7A4F7556}") = "Next Round", "Next Round\Next Round.csproj", "{CCA0971E-3B3A-48E0-AAD7-B8E79EF384DE}"
EndProject
Project("{9A19103F-16F7-4668-BE54-9A1E7A4F7556}") = "Domino piling", "Domino piling\Domino piling.csproj", "{F38427EC-5F9D-44D3-AAF6-0A84DD1A403B}"
EndProject
Project("{9A19103F-16F7-4668-BE54-9A1E7A4F7556}") = "Bit++", "Bit++\Bit++.csproj", "{901C4E3A-6C8F-46B6-84C0-575AC8AAFE7C}"
EndProject
Project("{9A19103F-16F7-4668-BE54-9A1E7A4F7556}") = "Word Capitalization", "Word Capitalization\Word Capitalization.csproj", "{8FCD6EDD-92C4-4656-8D80-8F3554EBFB43}"
EndProject
Project("{9A19103F-16F7-4668-BE54-9A1E7A4F7556}") = "String Task", "String Task\String Task.csproj", "{7891F9A6-37E1-4006-95D4-822734F5C76C}"
EndProject
Project("{9A19103F-16F7-4668-BE54-9A1E7A4F7556}") = "Boy or Girl", "Boy or Girl\Boy or Girl.csproj", "{8F04739B-35C2-4FB9-9CAD-AD840B1510CD}"
EndProject
Project("{9A19103F-16F7-4668-BE54-9A1E7A4F7556}") = "Forgotten Episode", "Forgotten Episode\Forgotten Episode.csproj", "{FF7B444C-89C7-4C9C-BC2F-2CCB1F7765A0}"
EndProject
Project("{9A19103F-16F7-4668-BE54-9A1E7A4F7556}") = "Stones on the Table", "Stones on the Table\Stones on the Table.csproj", "{559A4880-288F-4DEC-911D-0C7E29E78AA5}"
EndProject
Project("{9A19103F-16F7-4668-BE54-9A1E7A4F7556}") = "Bear and Big Brother", "Bear and Big Brother\Bear and Big Brother.csproj", "{CB284C7F-6178-46AE-96B7-75CA9818F04C}"
EndProject
Project("{9A19103F-16F7-4668-BE54-9A1E7A4F7556}") = "Soldier and Bananas", "Soldier and Bananas\Soldier and Bananas.csproj", "{6439F9AD-7D8C-4B52-B5F0-608D68303960}"
EndProject
Project("{9A19103F-16F7-4668-BE54-9A1E7A4F7556}") = "Elephant", "Elephant\Elephant.csproj", "{7097FC47-5803-4072-B8E2-C61A0E3A5FF7}"
EndProject
Project("{9A19103F-16F7-4668-BE54-9A1E7A4F7556}") = "Young Physicist", "Young Physicist\Young Physicist.csproj", "{5F9098AB-CE6C-4F0C-8A17-F305C9EDEB50}"
EndProject
Project("{9A19103F-16F7-4668-BE54-9A1E7A4F7556}") = "Word", "Word\Word.csproj", "{275CAA22-5F0A-4A32-AC0D-00611E204D6A}"
EndProject
Project("{9A19103F-16F7-4668-BE54-9A1E7A4F7556}") = "Football", "Football\Football.csproj", "{BE1B281D-CDF4-4FB1-9330-9C71EE068263}"
EndProject
Project("{9A19103F-16F7-4668-BE54-9A1E7A4F7556}") = "Wrong Subtraction", "Wrong Subtraction\Wrong Subtraction.csproj", "{D2CB0D33-A22A-41EE-B42E-2271BF36C9B9}"
EndProject
Project("{9A19103F-16F7-4668-BE54-9A1E7A4F7556}") = "Nearly Lucky Numbers", "Nearly Lucky Numbers\Nearly Lucky Numbers.csproj", "{C85C28DA-6A28-487C-B466-51681BC82EFB}"
EndProject
Project("{9A19103F-16F7-4668-BE54-9A1E7A4F7556}") = "Anton and Danik", "Anton and Danik\Anton and Danik.csproj", "{64410478-A6BF-4159-AFAB-807F8AA93830}"
EndProject
Project("{9A19103F-16F7-4668-BE54-9A1E7A4F7556}") = "Translation", "Translation\Translation.csproj", "{D68D014E-6965-456E-B060-9F736EFE590E}"
EndProject
Project("{9A19103F-16F7-4668-BE54-9A1E7A4F7556}") = "Queue at the School", "Queue at the School\Queue at the School.csproj", "{3A5F3B9E-1976-462F-BAEF-1D421304070A}"
EndProject
Project("{9A19103F-16F7-4668-BE54-9A1E7A4F7556}") = "Vanya and Fence", "Vanya and Fence\Vanya and Fence.csproj", "{8F961FAC-8DED-48EA-9DDF-07505F5E53FF}"
EndProject
Project("{9A19103F-16F7-4668-BE54-9A1E7A4F7556}") = "Beautiful Year", "Beautiful Year\Beautiful Year.csproj", "{0883E967-F71E-4724-87DA-35225E948C8C}"
EndProject
Project("{9A19103F-16F7-4668-BE54-9A1E7A4F7556}") = "Chat room", "Chat room\Chat room.csproj", "{BA8304B1-4EA3-497D-9798-389E4842DE17}"
EndProject
Project("{9A19103F-16F7-4668-BE54-9A1E7A4F7556}") = "Lucky Division", "Lucky Division\Lucky Division.csproj", "{2ABBCC74-DE39-4C8E-AB60-5204A2EBA143}"
EndProject
Project("{9A19103F-16F7-4668-BE54-9A1E7A4F7556}") = "In Search of an Easy Problem", "In Search of an Easy Problem\In Search of an Easy Problem.csproj", "{DCD213FB-767D-425F-8BA4-93788390005F}"
EndProject
Project("{9A19103F-16F7-4668-BE54-9A1E7A4F7556}") = "Twins", "Twins\Twins.csproj", "{85593607-EC22-4EF0-BAFC-CC6B6DFF9515}"
EndProject
Project("{9A19103F-16F7-4668-BE54-9A1E7A4F7556}") = "Even Odds", "Even Odds\Even Odds.csproj", "{3798EB5E-B78A-4B2D-8010-2F0585A7FF00}"
EndProject
Project("{9A19103F-16F7-4668-BE54-9A1E7A4F7556}") = "Drinks", "Drinks\Drinks.csproj", "{7041116D-016A-4B0A-B459-1A4C4011B86A}"
EndProject
Project("{9A19103F-16F7-4668-BE54-9A1E7A4F7556}") = "HQ9+", "HQ9+\HQ9+.csproj", "{F2F223EB-EBC2-40D7-9E14-BE7DC5EDE65E}"
EndProject
Project("{9A19103F-16F7-4668-BE54-9A1E7A4F7556}") = "Hulk", "Hulk\Hulk.csproj", "{8E10487C-D616-424F-9754-8D5168B5A57D}"
EndProject
Project("{9A19103F-16F7-4668-BE54-9A1E7A4F7556}") = "A. I Wanna Be the Guy", "A. I Wanna Be the Guy\A. I Wanna Be the Guy.csproj", "{47F957EB-ADFB-46F0-9CC5-C5B3A446A17F}"
EndProject
Project("{9A19103F-16F7-4668-BE54-9A1E7A4F7556}") = "Leetcode", "Leetcode\Leetcode.csproj", "{D475F1AD-035F-48C2-9E0F-2BD48CFC7020}"
EndProject
Project("{9A19103F-16F7-4668-BE54-9A1E7A4F7556}") = "A. Expression", "A. Expression\A. Expression.csproj", "{3D855F22-0DE2-4240-BAB1-B267D955D631}"
EndProject
Project("{9A19103F-16F7-4668-BE54-9A1E7A4F7556}") = "A. Arrival of the General", "A. Arrival of the General\A. Arrival of the General.csproj", "{01A6C938-FDFF-47B2-92F5-1199943F2EA6}"
EndProject
Project("{9A19103F-16F7-4668-BE54-9A1E7A4F7556}") = "A. Divisibility Problem", "A. Divisibility Problem\A. Divisibility Problem.csproj", "{DECD7CC1-6AB3-442C-8A93-B57096A5F2DE}"
EndProject
Project("{9A19103F-16F7-4668-BE54-9A1E7A4F7556}") = "Pangram", "Pangram\Pangram.csproj", "{E8558693-696D-47B4-8C32-15AC893F234C}"
EndProject
Project("{9A19103F-16F7-4668-BE54-9A1E7A4F7556}") = "A. Insomnia cure", "A. Insomnia cure\A. Insomnia cure.csproj", "{F1C82272-B541-47A2-AB9B-F47B0FD072D1}"
EndProject
Project("{9A19103F-16F7-4668-BE54-9A1E7A4F7556}") = "A. Kefa and First Steps", "A. Kefa and First Steps\A. Kefa and First Steps.csproj", "{9CA5823D-B0EE-45D5-80C6-93779A09AE3D}"
EndProject
Project("{9A19103F-16F7-4668-BE54-9A1E7A4F7556}") = "A. Dubstep", "A. Dubstep\A. Dubstep.csproj", "{1FACB1AD-6C2C-4928-AA68-550AB3756477}"
EndProject
Project("{9A19103F-16F7-4668-BE54-9A1E7A4F7556}") = "A. Anton and Letters", "A. Anton and Letters\A. Anton and Letters.csproj", "{3A0E5F21-9FB0-4731-B220-977667DACB25}"
EndProject
Project("{9A19103F-16F7-4668-BE54-9A1E7A4F7556}") = "Synergy", "Synergy\Synergy.csproj", "{91A3E95D-262F-4537-9761-87258EA95BE0}"
EndProject
Project("{9A19103F-16F7-4668-BE54-9A1E7A4F7556}") = "A. cAPS lOCK", "A. cAPS lOCK\A. cAPS lOCK.csproj", "{3F5C6843-5BAE-4C59-96CA-D5400E55A8CE}"
EndProject
Project("{9A19103F-16F7-4668-BE54-9A1E7A4F7556}") = "A. Hit the Lottery", "A. Hit the Lottery\A. Hit the Lottery.csproj", "{BFF63FD3-99F0-4330-B0CB-B3DFD2FDDE39}"
EndProject
Project("{FAE04EC0-301F-11D3-BF4B-00C04F79EFBC}") = "A. IQ test", "A. IQ test\A. IQ test.csproj", "{89D43E0D-E13F-4F4F-8FCC-AFE8C015C459}"
EndProject
Global
	GlobalSection(SolutionConfigurationPlatforms) = preSolution
		Debug|Any CPU = Debug|Any CPU
		Release|Any CPU = Release|Any CPU
	EndGlobalSection
	GlobalSection(ProjectConfigurationPlatforms) = postSolution
		{1FCAA391-FD08-480E-A603-0EAB22C9E2CE}.Debug|Any CPU.ActiveCfg = Debug|Any CPU
		{1FCAA391-FD08-480E-A603-0EAB22C9E2CE}.Debug|Any CPU.Build.0 = Debug|Any CPU
		{1FCAA391-FD08-480E-A603-0EAB22C9E2CE}.Release|Any CPU.ActiveCfg = Release|Any CPU
		{1FCAA391-FD08-480E-A603-0EAB22C9E2CE}.Release|Any CPU.Build.0 = Release|Any CPU
		{B47B770F-E28A-4C27-90C6-B50F7CC4C216}.Debug|Any CPU.ActiveCfg = Debug|Any CPU
		{B47B770F-E28A-4C27-90C6-B50F7CC4C216}.Debug|Any CPU.Build.0 = Debug|Any CPU
		{B47B770F-E28A-4C27-90C6-B50F7CC4C216}.Release|Any CPU.ActiveCfg = Release|Any CPU
		{B47B770F-E28A-4C27-90C6-B50F7CC4C216}.Release|Any CPU.Build.0 = Release|Any CPU
		{283DF9D2-C137-4EB0-B659-FBF1974144F5}.Debug|Any CPU.ActiveCfg = Debug|Any CPU
		{283DF9D2-C137-4EB0-B659-FBF1974144F5}.Debug|Any CPU.Build.0 = Debug|Any CPU
		{283DF9D2-C137-4EB0-B659-FBF1974144F5}.Release|Any CPU.ActiveCfg = Release|Any CPU
		{283DF9D2-C137-4EB0-B659-FBF1974144F5}.Release|Any CPU.Build.0 = Release|Any CPU
		{25BCCE3D-C79D-489F-A9A4-13C584DAEC5B}.Debug|Any CPU.ActiveCfg = Debug|Any CPU
		{25BCCE3D-C79D-489F-A9A4-13C584DAEC5B}.Debug|Any CPU.Build.0 = Debug|Any CPU
		{25BCCE3D-C79D-489F-A9A4-13C584DAEC5B}.Release|Any CPU.ActiveCfg = Release|Any CPU
		{25BCCE3D-C79D-489F-A9A4-13C584DAEC5B}.Release|Any CPU.Build.0 = Release|Any CPU
		{7ACECB3A-9CE2-401E-B3AD-F201B76A3CE0}.Debug|Any CPU.ActiveCfg = Debug|Any CPU
		{7ACECB3A-9CE2-401E-B3AD-F201B76A3CE0}.Debug|Any CPU.Build.0 = Debug|Any CPU
		{7ACECB3A-9CE2-401E-B3AD-F201B76A3CE0}.Release|Any CPU.ActiveCfg = Release|Any CPU
		{7ACECB3A-9CE2-401E-B3AD-F201B76A3CE0}.Release|Any CPU.Build.0 = Release|Any CPU
		{CCA0971E-3B3A-48E0-AAD7-B8E79EF384DE}.Debug|Any CPU.ActiveCfg = Debug|Any CPU
		{CCA0971E-3B3A-48E0-AAD7-B8E79EF384DE}.Debug|Any CPU.Build.0 = Debug|Any CPU
		{CCA0971E-3B3A-48E0-AAD7-B8E79EF384DE}.Release|Any CPU.ActiveCfg = Release|Any CPU
		{CCA0971E-3B3A-48E0-AAD7-B8E79EF384DE}.Release|Any CPU.Build.0 = Release|Any CPU
		{F38427EC-5F9D-44D3-AAF6-0A84DD1A403B}.Debug|Any CPU.ActiveCfg = Debug|Any CPU
		{F38427EC-5F9D-44D3-AAF6-0A84DD1A403B}.Debug|Any CPU.Build.0 = Debug|Any CPU
		{F38427EC-5F9D-44D3-AAF6-0A84DD1A403B}.Release|Any CPU.ActiveCfg = Release|Any CPU
		{F38427EC-5F9D-44D3-AAF6-0A84DD1A403B}.Release|Any CPU.Build.0 = Release|Any CPU
		{901C4E3A-6C8F-46B6-84C0-575AC8AAFE7C}.Debug|Any CPU.ActiveCfg = Debug|Any CPU
		{901C4E3A-6C8F-46B6-84C0-575AC8AAFE7C}.Debug|Any CPU.Build.0 = Debug|Any CPU
		{901C4E3A-6C8F-46B6-84C0-575AC8AAFE7C}.Release|Any CPU.ActiveCfg = Release|Any CPU
		{901C4E3A-6C8F-46B6-84C0-575AC8AAFE7C}.Release|Any CPU.Build.0 = Release|Any CPU
		{8FCD6EDD-92C4-4656-8D80-8F3554EBFB43}.Debug|Any CPU.ActiveCfg = Debug|Any CPU
		{8FCD6EDD-92C4-4656-8D80-8F3554EBFB43}.Debug|Any CPU.Build.0 = Debug|Any CPU
		{8FCD6EDD-92C4-4656-8D80-8F3554EBFB43}.Release|Any CPU.ActiveCfg = Release|Any CPU
		{8FCD6EDD-92C4-4656-8D80-8F3554EBFB43}.Release|Any CPU.Build.0 = Release|Any CPU
		{7891F9A6-37E1-4006-95D4-822734F5C76C}.Debug|Any CPU.ActiveCfg = Debug|Any CPU
		{7891F9A6-37E1-4006-95D4-822734F5C76C}.Debug|Any CPU.Build.0 = Debug|Any CPU
		{7891F9A6-37E1-4006-95D4-822734F5C76C}.Release|Any CPU.ActiveCfg = Release|Any CPU
		{7891F9A6-37E1-4006-95D4-822734F5C76C}.Release|Any CPU.Build.0 = Release|Any CPU
		{8F04739B-35C2-4FB9-9CAD-AD840B1510CD}.Debug|Any CPU.ActiveCfg = Debug|Any CPU
		{8F04739B-35C2-4FB9-9CAD-AD840B1510CD}.Debug|Any CPU.Build.0 = Debug|Any CPU
		{8F04739B-35C2-4FB9-9CAD-AD840B1510CD}.Release|Any CPU.ActiveCfg = Release|Any CPU
		{8F04739B-35C2-4FB9-9CAD-AD840B1510CD}.Release|Any CPU.Build.0 = Release|Any CPU
		{FF7B444C-89C7-4C9C-BC2F-2CCB1F7765A0}.Debug|Any CPU.ActiveCfg = Debug|Any CPU
		{FF7B444C-89C7-4C9C-BC2F-2CCB1F7765A0}.Debug|Any CPU.Build.0 = Debug|Any CPU
		{FF7B444C-89C7-4C9C-BC2F-2CCB1F7765A0}.Release|Any CPU.ActiveCfg = Release|Any CPU
		{FF7B444C-89C7-4C9C-BC2F-2CCB1F7765A0}.Release|Any CPU.Build.0 = Release|Any CPU
		{559A4880-288F-4DEC-911D-0C7E29E78AA5}.Debug|Any CPU.ActiveCfg = Debug|Any CPU
		{559A4880-288F-4DEC-911D-0C7E29E78AA5}.Debug|Any CPU.Build.0 = Debug|Any CPU
		{559A4880-288F-4DEC-911D-0C7E29E78AA5}.Release|Any CPU.ActiveCfg = Release|Any CPU
		{559A4880-288F-4DEC-911D-0C7E29E78AA5}.Release|Any CPU.Build.0 = Release|Any CPU
		{CB284C7F-6178-46AE-96B7-75CA9818F04C}.Debug|Any CPU.ActiveCfg = Debug|Any CPU
		{CB284C7F-6178-46AE-96B7-75CA9818F04C}.Debug|Any CPU.Build.0 = Debug|Any CPU
		{CB284C7F-6178-46AE-96B7-75CA9818F04C}.Release|Any CPU.ActiveCfg = Release|Any CPU
		{CB284C7F-6178-46AE-96B7-75CA9818F04C}.Release|Any CPU.Build.0 = Release|Any CPU
		{6439F9AD-7D8C-4B52-B5F0-608D68303960}.Debug|Any CPU.ActiveCfg = Debug|Any CPU
		{6439F9AD-7D8C-4B52-B5F0-608D68303960}.Debug|Any CPU.Build.0 = Debug|Any CPU
		{6439F9AD-7D8C-4B52-B5F0-608D68303960}.Release|Any CPU.ActiveCfg = Release|Any CPU
		{6439F9AD-7D8C-4B52-B5F0-608D68303960}.Release|Any CPU.Build.0 = Release|Any CPU
		{7097FC47-5803-4072-B8E2-C61A0E3A5FF7}.Debug|Any CPU.ActiveCfg = Debug|Any CPU
		{7097FC47-5803-4072-B8E2-C61A0E3A5FF7}.Debug|Any CPU.Build.0 = Debug|Any CPU
		{7097FC47-5803-4072-B8E2-C61A0E3A5FF7}.Release|Any CPU.ActiveCfg = Release|Any CPU
		{7097FC47-5803-4072-B8E2-C61A0E3A5FF7}.Release|Any CPU.Build.0 = Release|Any CPU
		{5F9098AB-CE6C-4F0C-8A17-F305C9EDEB50}.Debug|Any CPU.ActiveCfg = Debug|Any CPU
		{5F9098AB-CE6C-4F0C-8A17-F305C9EDEB50}.Debug|Any CPU.Build.0 = Debug|Any CPU
		{5F9098AB-CE6C-4F0C-8A17-F305C9EDEB50}.Release|Any CPU.ActiveCfg = Release|Any CPU
		{5F9098AB-CE6C-4F0C-8A17-F305C9EDEB50}.Release|Any CPU.Build.0 = Release|Any CPU
		{275CAA22-5F0A-4A32-AC0D-00611E204D6A}.Debug|Any CPU.ActiveCfg = Debug|Any CPU
		{275CAA22-5F0A-4A32-AC0D-00611E204D6A}.Debug|Any CPU.Build.0 = Debug|Any CPU
		{275CAA22-5F0A-4A32-AC0D-00611E204D6A}.Release|Any CPU.ActiveCfg = Release|Any CPU
		{275CAA22-5F0A-4A32-AC0D-00611E204D6A}.Release|Any CPU.Build.0 = Release|Any CPU
		{BE1B281D-CDF4-4FB1-9330-9C71EE068263}.Debug|Any CPU.ActiveCfg = Debug|Any CPU
		{BE1B281D-CDF4-4FB1-9330-9C71EE068263}.Debug|Any CPU.Build.0 = Debug|Any CPU
		{BE1B281D-CDF4-4FB1-9330-9C71EE068263}.Release|Any CPU.ActiveCfg = Release|Any CPU
		{BE1B281D-CDF4-4FB1-9330-9C71EE068263}.Release|Any CPU.Build.0 = Release|Any CPU
		{D2CB0D33-A22A-41EE-B42E-2271BF36C9B9}.Debug|Any CPU.ActiveCfg = Debug|Any CPU
		{D2CB0D33-A22A-41EE-B42E-2271BF36C9B9}.Debug|Any CPU.Build.0 = Debug|Any CPU
		{D2CB0D33-A22A-41EE-B42E-2271BF36C9B9}.Release|Any CPU.ActiveCfg = Release|Any CPU
		{D2CB0D33-A22A-41EE-B42E-2271BF36C9B9}.Release|Any CPU.Build.0 = Release|Any CPU
		{C85C28DA-6A28-487C-B466-51681BC82EFB}.Debug|Any CPU.ActiveCfg = Debug|Any CPU
		{C85C28DA-6A28-487C-B466-51681BC82EFB}.Debug|Any CPU.Build.0 = Debug|Any CPU
		{C85C28DA-6A28-487C-B466-51681BC82EFB}.Release|Any CPU.ActiveCfg = Release|Any CPU
		{C85C28DA-6A28-487C-B466-51681BC82EFB}.Release|Any CPU.Build.0 = Release|Any CPU
		{64410478-A6BF-4159-AFAB-807F8AA93830}.Debug|Any CPU.ActiveCfg = Debug|Any CPU
		{64410478-A6BF-4159-AFAB-807F8AA93830}.Debug|Any CPU.Build.0 = Debug|Any CPU
		{64410478-A6BF-4159-AFAB-807F8AA93830}.Release|Any CPU.ActiveCfg = Release|Any CPU
		{64410478-A6BF-4159-AFAB-807F8AA93830}.Release|Any CPU.Build.0 = Release|Any CPU
		{D68D014E-6965-456E-B060-9F736EFE590E}.Debug|Any CPU.ActiveCfg = Debug|Any CPU
		{D68D014E-6965-456E-B060-9F736EFE590E}.Debug|Any CPU.Build.0 = Debug|Any CPU
		{D68D014E-6965-456E-B060-9F736EFE590E}.Release|Any CPU.ActiveCfg = Release|Any CPU
		{D68D014E-6965-456E-B060-9F736EFE590E}.Release|Any CPU.Build.0 = Release|Any CPU
		{3A5F3B9E-1976-462F-BAEF-1D421304070A}.Debug|Any CPU.ActiveCfg = Debug|Any CPU
		{3A5F3B9E-1976-462F-BAEF-1D421304070A}.Debug|Any CPU.Build.0 = Debug|Any CPU
		{3A5F3B9E-1976-462F-BAEF-1D421304070A}.Release|Any CPU.ActiveCfg = Release|Any CPU
		{3A5F3B9E-1976-462F-BAEF-1D421304070A}.Release|Any CPU.Build.0 = Release|Any CPU
		{8F961FAC-8DED-48EA-9DDF-07505F5E53FF}.Debug|Any CPU.ActiveCfg = Debug|Any CPU
		{8F961FAC-8DED-48EA-9DDF-07505F5E53FF}.Debug|Any CPU.Build.0 = Debug|Any CPU
		{8F961FAC-8DED-48EA-9DDF-07505F5E53FF}.Release|Any CPU.ActiveCfg = Release|Any CPU
		{8F961FAC-8DED-48EA-9DDF-07505F5E53FF}.Release|Any CPU.Build.0 = Release|Any CPU
		{0883E967-F71E-4724-87DA-35225E948C8C}.Debug|Any CPU.ActiveCfg = Debug|Any CPU
		{0883E967-F71E-4724-87DA-35225E948C8C}.Debug|Any CPU.Build.0 = Debug|Any CPU
		{0883E967-F71E-4724-87DA-35225E948C8C}.Release|Any CPU.ActiveCfg = Release|Any CPU
		{0883E967-F71E-4724-87DA-35225E948C8C}.Release|Any CPU.Build.0 = Release|Any CPU
		{BA8304B1-4EA3-497D-9798-389E4842DE17}.Debug|Any CPU.ActiveCfg = Debug|Any CPU
		{BA8304B1-4EA3-497D-9798-389E4842DE17}.Debug|Any CPU.Build.0 = Debug|Any CPU
		{BA8304B1-4EA3-497D-9798-389E4842DE17}.Release|Any CPU.ActiveCfg = Release|Any CPU
		{BA8304B1-4EA3-497D-9798-389E4842DE17}.Release|Any CPU.Build.0 = Release|Any CPU
		{2ABBCC74-DE39-4C8E-AB60-5204A2EBA143}.Debug|Any CPU.ActiveCfg = Debug|Any CPU
		{2ABBCC74-DE39-4C8E-AB60-5204A2EBA143}.Debug|Any CPU.Build.0 = Debug|Any CPU
		{2ABBCC74-DE39-4C8E-AB60-5204A2EBA143}.Release|Any CPU.ActiveCfg = Release|Any CPU
		{2ABBCC74-DE39-4C8E-AB60-5204A2EBA143}.Release|Any CPU.Build.0 = Release|Any CPU
		{DCD213FB-767D-425F-8BA4-93788390005F}.Debug|Any CPU.ActiveCfg = Debug|Any CPU
		{DCD213FB-767D-425F-8BA4-93788390005F}.Debug|Any CPU.Build.0 = Debug|Any CPU
		{DCD213FB-767D-425F-8BA4-93788390005F}.Release|Any CPU.ActiveCfg = Release|Any CPU
		{DCD213FB-767D-425F-8BA4-93788390005F}.Release|Any CPU.Build.0 = Release|Any CPU
		{85593607-EC22-4EF0-BAFC-CC6B6DFF9515}.Debug|Any CPU.ActiveCfg = Debug|Any CPU
		{85593607-EC22-4EF0-BAFC-CC6B6DFF9515}.Debug|Any CPU.Build.0 = Debug|Any CPU
		{85593607-EC22-4EF0-BAFC-CC6B6DFF9515}.Release|Any CPU.ActiveCfg = Release|Any CPU
		{85593607-EC22-4EF0-BAFC-CC6B6DFF9515}.Release|Any CPU.Build.0 = Release|Any CPU
		{3798EB5E-B78A-4B2D-8010-2F0585A7FF00}.Debug|Any CPU.ActiveCfg = Debug|Any CPU
		{3798EB5E-B78A-4B2D-8010-2F0585A7FF00}.Debug|Any CPU.Build.0 = Debug|Any CPU
		{3798EB5E-B78A-4B2D-8010-2F0585A7FF00}.Release|Any CPU.ActiveCfg = Release|Any CPU
		{3798EB5E-B78A-4B2D-8010-2F0585A7FF00}.Release|Any CPU.Build.0 = Release|Any CPU
		{7041116D-016A-4B0A-B459-1A4C4011B86A}.Debug|Any CPU.ActiveCfg = Debug|Any CPU
		{7041116D-016A-4B0A-B459-1A4C4011B86A}.Debug|Any CPU.Build.0 = Debug|Any CPU
		{7041116D-016A-4B0A-B459-1A4C4011B86A}.Release|Any CPU.ActiveCfg = Release|Any CPU
		{7041116D-016A-4B0A-B459-1A4C4011B86A}.Release|Any CPU.Build.0 = Release|Any CPU
		{F2F223EB-EBC2-40D7-9E14-BE7DC5EDE65E}.Debug|Any CPU.ActiveCfg = Debug|Any CPU
		{F2F223EB-EBC2-40D7-9E14-BE7DC5EDE65E}.Debug|Any CPU.Build.0 = Debug|Any CPU
		{F2F223EB-EBC2-40D7-9E14-BE7DC5EDE65E}.Release|Any CPU.ActiveCfg = Release|Any CPU
		{F2F223EB-EBC2-40D7-9E14-BE7DC5EDE65E}.Release|Any CPU.Build.0 = Release|Any CPU
		{8E10487C-D616-424F-9754-8D5168B5A57D}.Debug|Any CPU.ActiveCfg = Debug|Any CPU
		{8E10487C-D616-424F-9754-8D5168B5A57D}.Debug|Any CPU.Build.0 = Debug|Any CPU
		{8E10487C-D616-424F-9754-8D5168B5A57D}.Release|Any CPU.ActiveCfg = Release|Any CPU
		{8E10487C-D616-424F-9754-8D5168B5A57D}.Release|Any CPU.Build.0 = Release|Any CPU
		{47F957EB-ADFB-46F0-9CC5-C5B3A446A17F}.Debug|Any CPU.ActiveCfg = Debug|Any CPU
		{47F957EB-ADFB-46F0-9CC5-C5B3A446A17F}.Debug|Any CPU.Build.0 = Debug|Any CPU
		{47F957EB-ADFB-46F0-9CC5-C5B3A446A17F}.Release|Any CPU.ActiveCfg = Release|Any CPU
		{47F957EB-ADFB-46F0-9CC5-C5B3A446A17F}.Release|Any CPU.Build.0 = Release|Any CPU
		{D475F1AD-035F-48C2-9E0F-2BD48CFC7020}.Debug|Any CPU.ActiveCfg = Debug|Any CPU
		{D475F1AD-035F-48C2-9E0F-2BD48CFC7020}.Debug|Any CPU.Build.0 = Debug|Any CPU
		{D475F1AD-035F-48C2-9E0F-2BD48CFC7020}.Release|Any CPU.ActiveCfg = Release|Any CPU
		{D475F1AD-035F-48C2-9E0F-2BD48CFC7020}.Release|Any CPU.Build.0 = Release|Any CPU
		{3D855F22-0DE2-4240-BAB1-B267D955D631}.Debug|Any CPU.ActiveCfg = Debug|Any CPU
		{3D855F22-0DE2-4240-BAB1-B267D955D631}.Debug|Any CPU.Build.0 = Debug|Any CPU
		{3D855F22-0DE2-4240-BAB1-B267D955D631}.Release|Any CPU.ActiveCfg = Release|Any CPU
		{3D855F22-0DE2-4240-BAB1-B267D955D631}.Release|Any CPU.Build.0 = Release|Any CPU
		{01A6C938-FDFF-47B2-92F5-1199943F2EA6}.Debug|Any CPU.ActiveCfg = Debug|Any CPU
		{01A6C938-FDFF-47B2-92F5-1199943F2EA6}.Debug|Any CPU.Build.0 = Debug|Any CPU
		{01A6C938-FDFF-47B2-92F5-1199943F2EA6}.Release|Any CPU.ActiveCfg = Release|Any CPU
		{01A6C938-FDFF-47B2-92F5-1199943F2EA6}.Release|Any CPU.Build.0 = Release|Any CPU
		{DECD7CC1-6AB3-442C-8A93-B57096A5F2DE}.Debug|Any CPU.ActiveCfg = Debug|Any CPU
		{DECD7CC1-6AB3-442C-8A93-B57096A5F2DE}.Debug|Any CPU.Build.0 = Debug|Any CPU
		{DECD7CC1-6AB3-442C-8A93-B57096A5F2DE}.Release|Any CPU.ActiveCfg = Release|Any CPU
		{DECD7CC1-6AB3-442C-8A93-B57096A5F2DE}.Release|Any CPU.Build.0 = Release|Any CPU
		{E8558693-696D-47B4-8C32-15AC893F234C}.Debug|Any CPU.ActiveCfg = Debug|Any CPU
		{E8558693-696D-47B4-8C32-15AC893F234C}.Debug|Any CPU.Build.0 = Debug|Any CPU
		{E8558693-696D-47B4-8C32-15AC893F234C}.Release|Any CPU.ActiveCfg = Release|Any CPU
		{E8558693-696D-47B4-8C32-15AC893F234C}.Release|Any CPU.Build.0 = Release|Any CPU
		{F1C82272-B541-47A2-AB9B-F47B0FD072D1}.Debug|Any CPU.ActiveCfg = Debug|Any CPU
		{F1C82272-B541-47A2-AB9B-F47B0FD072D1}.Debug|Any CPU.Build.0 = Debug|Any CPU
		{F1C82272-B541-47A2-AB9B-F47B0FD072D1}.Release|Any CPU.ActiveCfg = Release|Any CPU
		{F1C82272-B541-47A2-AB9B-F47B0FD072D1}.Release|Any CPU.Build.0 = Release|Any CPU
		{9CA5823D-B0EE-45D5-80C6-93779A09AE3D}.Debug|Any CPU.ActiveCfg = Debug|Any CPU
		{9CA5823D-B0EE-45D5-80C6-93779A09AE3D}.Debug|Any CPU.Build.0 = Debug|Any CPU
		{9CA5823D-B0EE-45D5-80C6-93779A09AE3D}.Release|Any CPU.ActiveCfg = Release|Any CPU
		{9CA5823D-B0EE-45D5-80C6-93779A09AE3D}.Release|Any CPU.Build.0 = Release|Any CPU
		{1FACB1AD-6C2C-4928-AA68-550AB3756477}.Debug|Any CPU.ActiveCfg = Debug|Any CPU
		{1FACB1AD-6C2C-4928-AA68-550AB3756477}.Debug|Any CPU.Build.0 = Debug|Any CPU
		{1FACB1AD-6C2C-4928-AA68-550AB3756477}.Release|Any CPU.ActiveCfg = Release|Any CPU
		{1FACB1AD-6C2C-4928-AA68-550AB3756477}.Release|Any CPU.Build.0 = Release|Any CPU
		{3A0E5F21-9FB0-4731-B220-977667DACB25}.Debug|Any CPU.ActiveCfg = Debug|Any CPU
		{3A0E5F21-9FB0-4731-B220-977667DACB25}.Debug|Any CPU.Build.0 = Debug|Any CPU
		{3A0E5F21-9FB0-4731-B220-977667DACB25}.Release|Any CPU.ActiveCfg = Release|Any CPU
		{3A0E5F21-9FB0-4731-B220-977667DACB25}.Release|Any CPU.Build.0 = Release|Any CPU
		{91A3E95D-262F-4537-9761-87258EA95BE0}.Debug|Any CPU.ActiveCfg = Debug|Any CPU
		{91A3E95D-262F-4537-9761-87258EA95BE0}.Debug|Any CPU.Build.0 = Debug|Any CPU
		{91A3E95D-262F-4537-9761-87258EA95BE0}.Release|Any CPU.ActiveCfg = Release|Any CPU
		{91A3E95D-262F-4537-9761-87258EA95BE0}.Release|Any CPU.Build.0 = Release|Any CPU
		{3F5C6843-5BAE-4C59-96CA-D5400E55A8CE}.Debug|Any CPU.ActiveCfg = Debug|Any CPU
		{3F5C6843-5BAE-4C59-96CA-D5400E55A8CE}.Debug|Any CPU.Build.0 = Debug|Any CPU
		{3F5C6843-5BAE-4C59-96CA-D5400E55A8CE}.Release|Any CPU.ActiveCfg = Release|Any CPU
		{3F5C6843-5BAE-4C59-96CA-D5400E55A8CE}.Release|Any CPU.Build.0 = Release|Any CPU
		{BFF63FD3-99F0-4330-B0CB-B3DFD2FDDE39}.Debug|Any CPU.ActiveCfg = Debug|Any CPU
		{BFF63FD3-99F0-4330-B0CB-B3DFD2FDDE39}.Debug|Any CPU.Build.0 = Debug|Any CPU
		{BFF63FD3-99F0-4330-B0CB-B3DFD2FDDE39}.Release|Any CPU.ActiveCfg = Release|Any CPU
		{BFF63FD3-99F0-4330-B0CB-B3DFD2FDDE39}.Release|Any CPU.Build.0 = Release|Any CPU
		{89D43E0D-E13F-4F4F-8FCC-AFE8C015C459}.Debug|Any CPU.ActiveCfg = Debug|Any CPU
		{89D43E0D-E13F-4F4F-8FCC-AFE8C015C459}.Debug|Any CPU.Build.0 = Debug|Any CPU
		{89D43E0D-E13F-4F4F-8FCC-AFE8C015C459}.Release|Any CPU.ActiveCfg = Release|Any CPU
		{89D43E0D-E13F-4F4F-8FCC-AFE8C015C459}.Release|Any CPU.Build.0 = Release|Any CPU
	EndGlobalSection
	GlobalSection(SolutionProperties) = preSolution
		HideSolutionNode = FALSE
	EndGlobalSection
	GlobalSection(ExtensibilityGlobals) = postSolution
		SolutionGuid = {661268A7-1CE4-44AE-99BA-0D5F2CCCCAD4}
	EndGlobalSection
EndGlobal
