
Microsoft Visual Studio Solution File, Format Version 12.00
# Visual Studio Version 17
VisualStudioVersion = 17.4.33213.308
MinimumVisualStudioVersion = 10.0.40219.1
Project("{9A19103F-16F7-4668-BE54-9A1E7A4F7556}") = "PetyaAndStrings", "Codeforces\PetyaAndStrings.csproj", "{1FCAA391-FD08-480E-A603-0EAB22C9E2CE}"
EndProject
Project("{9A19103F-16F7-4668-BE54-9A1E7A4F7556}") = "Helpful Maths", "Helpful Maths\Helpful Maths.csproj", "{B47B770F-E28A-4C27-90C6-B50F7CC4C216}"
EndProject
Project("{9A19103F-16F7-4668-BE54-9A1E7A4F7556}") = "Watermelon", "Watermelon\Watermelon.csproj", "{283DF9D2-C137-4EB0-B659-FBF1974144F5}"
EndProject
Project("{9A19103F-16F7-4668-BE54-9A1E7A4F7556}") = "Way Too Long Words", "Way Too Long Words\Way Too Long Words.csproj", "{25BCCE3D-C79D-489F-A9A4-13C584DAEC5B}"
EndProject
Project("{9A19103F-16F7-4668-BE54-9A1E7A4F7556}") = "Team", "Team\Team.csproj", "{7ACECB3A-9CE2-401E-B3AD-F201B76A3CE0}"
EndProject
Project("{9A19103F-16F7-4668-BE54-9A1E7A4F7556}") = "Next Round", "Next Round\Next Round.csproj", "{CCA0971E-3B3A-48E0-AAD7-B8E79EF384DE}"
EndProject
Project("{9A19103F-16F7-4668-BE54-9A1E7A4F7556}") = "Domino piling", "Domino piling\Domino piling.csproj", "{F38427EC-5F9D-44D3-AAF6-0A84DD1A403B}"
EndProject
Project("{9A19103F-16F7-4668-BE54-9A1E7A4F7556}") = "Bit++", "Bit++\Bit++.csproj", "{901C4E3A-6C8F-46B6-84C0-575AC8AAFE7C}"
EndProject
Project("{FAE04EC0-301F-11D3-BF4B-00C04F79EFBC}") = "Word Capitalization", "Word Capitalization\Word Capitalization.csproj", "{8FCD6EDD-92C4-4656-8D80-8F3554EBFB43}"
EndProject
Project("{FAE04EC0-301F-11D3-BF4B-00C04F79EFBC}") = "String Task", "String Task\String Task.csproj", "{7891F9A6-37E1-4006-95D4-822734F5C76C}"
EndProject
Project("{FAE04EC0-301F-11D3-BF4B-00C04F79EFBC}") = "Boy or Girl", "Boy or Girl\Boy or Girl.csproj", "{8F04739B-35C2-4FB9-9CAD-AD840B1510CD}"
EndProject
Project("{FAE04EC0-301F-11D3-BF4B-00C04F79EFBC}") = "Forgotten Episode", "Forgotten Episode\Forgotten Episode.csproj", "{FF7B444C-89C7-4C9C-BC2F-2CCB1F7765A0}"
EndProject
Global
	GlobalSection(SolutionConfigurationPlatforms) = preSolution
		Debug|Any CPU = Debug|Any CPU
		Release|Any CPU = Release|Any CPU
	EndGlobalSection
	GlobalSection(ProjectConfigurationPlatforms) = postSolution
		{1FCAA391-FD08-480E-A603-0EAB22C9E2CE}.Debug|Any CPU.ActiveCfg = Debug|Any CPU
		{1FCAA391-FD08-480E-A603-0EAB22C9E2CE}.Debug|Any CPU.Build.0 = Debug|Any CPU
		{1FCAA391-FD08-480E-A603-0EAB22C9E2CE}.Release|Any CPU.ActiveCfg = Release|Any CPU
		{1FCAA391-FD08-480E-A603-0EAB22C9E2CE}.Release|Any CPU.Build.0 = Release|Any CPU
		{B47B770F-E28A-4C27-90C6-B50F7CC4C216}.Debug|Any CPU.ActiveCfg = Debug|Any CPU
		{B47B770F-E28A-4C27-90C6-B50F7CC4C216}.Debug|Any CPU.Build.0 = Debug|Any CPU
		{B47B770F-E28A-4C27-90C6-B50F7CC4C216}.Release|Any CPU.ActiveCfg = Release|Any CPU
		{B47B770F-E28A-4C27-90C6-B50F7CC4C216}.Release|Any CPU.Build.0 = Release|Any CPU
		{283DF9D2-C137-4EB0-B659-FBF1974144F5}.Debug|Any CPU.ActiveCfg = Debug|Any CPU
		{283DF9D2-C137-4EB0-B659-FBF1974144F5}.Debug|Any CPU.Build.0 = Debug|Any CPU
		{283DF9D2-C137-4EB0-B659-FBF1974144F5}.Release|Any CPU.ActiveCfg = Release|Any CPU
		{283DF9D2-C137-4EB0-B659-FBF1974144F5}.Release|Any CPU.Build.0 = Release|Any CPU
		{25BCCE3D-C79D-489F-A9A4-13C584DAEC5B}.Debug|Any CPU.ActiveCfg = Debug|Any CPU
		{25BCCE3D-C79D-489F-A9A4-13C584DAEC5B}.Debug|Any CPU.Build.0 = Debug|Any CPU
		{25BCCE3D-C79D-489F-A9A4-13C584DAEC5B}.Release|Any CPU.ActiveCfg = Release|Any CPU
		{25BCCE3D-C79D-489F-A9A4-13C584DAEC5B}.Release|Any CPU.Build.0 = Release|Any CPU
		{7ACECB3A-9CE2-401E-B3AD-F201B76A3CE0}.Debug|Any CPU.ActiveCfg = Debug|Any CPU
		{7ACECB3A-9CE2-401E-B3AD-F201B76A3CE0}.Debug|Any CPU.Build.0 = Debug|Any CPU
		{7ACECB3A-9CE2-401E-B3AD-F201B76A3CE0}.Release|Any CPU.ActiveCfg = Release|Any CPU
		{7ACECB3A-9CE2-401E-B3AD-F201B76A3CE0}.Release|Any CPU.Build.0 = Release|Any CPU
		{CCA0971E-3B3A-48E0-AAD7-B8E79EF384DE}.Debug|Any CPU.ActiveCfg = Debug|Any CPU
		{CCA0971E-3B3A-48E0-AAD7-B8E79EF384DE}.Debug|Any CPU.Build.0 = Debug|Any CPU
		{CCA0971E-3B3A-48E0-AAD7-B8E79EF384DE}.Release|Any CPU.ActiveCfg = Release|Any CPU
		{CCA0971E-3B3A-48E0-AAD7-B8E79EF384DE}.Release|Any CPU.Build.0 = Release|Any CPU
		{F38427EC-5F9D-44D3-AAF6-0A84DD1A403B}.Debug|Any CPU.ActiveCfg = Debug|Any CPU
		{F38427EC-5F9D-44D3-AAF6-0A84DD1A403B}.Debug|Any CPU.Build.0 = Debug|Any CPU
		{F38427EC-5F9D-44D3-AAF6-0A84DD1A403B}.Release|Any CPU.ActiveCfg = Release|Any CPU
		{F38427EC-5F9D-44D3-AAF6-0A84DD1A403B}.Release|Any CPU.Build.0 = Release|Any CPU
		{901C4E3A-6C8F-46B6-84C0-575AC8AAFE7C}.Debug|Any CPU.ActiveCfg = Debug|Any CPU
		{901C4E3A-6C8F-46B6-84C0-575AC8AAFE7C}.Debug|Any CPU.Build.0 = Debug|Any CPU
		{901C4E3A-6C8F-46B6-84C0-575AC8AAFE7C}.Release|Any CPU.ActiveCfg = Release|Any CPU
		{901C4E3A-6C8F-46B6-84C0-575AC8AAFE7C}.Release|Any CPU.Build.0 = Release|Any CPU
		{8FCD6EDD-92C4-4656-8D80-8F3554EBFB43}.Debug|Any CPU.ActiveCfg = Debug|Any CPU
		{8FCD6EDD-92C4-4656-8D80-8F3554EBFB43}.Debug|Any CPU.Build.0 = Debug|Any CPU
		{8FCD6EDD-92C4-4656-8D80-8F3554EBFB43}.Release|Any CPU.ActiveCfg = Release|Any CPU
		{8FCD6EDD-92C4-4656-8D80-8F3554EBFB43}.Release|Any CPU.Build.0 = Release|Any CPU
		{7891F9A6-37E1-4006-95D4-822734F5C76C}.Debug|Any CPU.ActiveCfg = Debug|Any CPU
		{7891F9A6-37E1-4006-95D4-822734F5C76C}.Debug|Any CPU.Build.0 = Debug|Any CPU
		{7891F9A6-37E1-4006-95D4-822734F5C76C}.Release|Any CPU.ActiveCfg = Release|Any CPU
		{7891F9A6-37E1-4006-95D4-822734F5C76C}.Release|Any CPU.Build.0 = Release|Any CPU
		{8F04739B-35C2-4FB9-9CAD-AD840B1510CD}.Debug|Any CPU.ActiveCfg = Debug|Any CPU
		{8F04739B-35C2-4FB9-9CAD-AD840B1510CD}.Debug|Any CPU.Build.0 = Debug|Any CPU
		{8F04739B-35C2-4FB9-9CAD-AD840B1510CD}.Release|Any CPU.ActiveCfg = Release|Any CPU
		{8F04739B-35C2-4FB9-9CAD-AD840B1510CD}.Release|Any CPU.Build.0 = Release|Any CPU
		{FF7B444C-89C7-4C9C-BC2F-2CCB1F7765A0}.Debug|Any CPU.ActiveCfg = Debug|Any CPU
		{FF7B444C-89C7-4C9C-BC2F-2CCB1F7765A0}.Debug|Any CPU.Build.0 = Debug|Any CPU
		{FF7B444C-89C7-4C9C-BC2F-2CCB1F7765A0}.Release|Any CPU.ActiveCfg = Release|Any CPU
		{FF7B444C-89C7-4C9C-BC2F-2CCB1F7765A0}.Release|Any CPU.Build.0 = Release|Any CPU
	EndGlobalSection
	GlobalSection(SolutionProperties) = preSolution
		HideSolutionNode = FALSE
	EndGlobalSection
	GlobalSection(ExtensibilityGlobals) = postSolution
		SolutionGuid = {661268A7-1CE4-44AE-99BA-0D5F2CCCCAD4}
	EndGlobalSection
EndGlobal
